
Microsoft Visual Studio Solution File, Format Version 12.00
# Visual Studio Version 17
VisualStudioVersion = 17.11.35312.102
MinimumVisualStudioVersion = 10.0.40219.1
Project("{9A19103F-16F7-4668-BE54-9A1E7A4F7556}") = "ReactTSWithNetCoreTemplate.API", "src\ReactTSWithNetCoreTemplate.API\ReactTSWithNetCoreTemplate.API.csproj", "{BB6836D9-DD13-4F95-A846-784B88897D8C}"
EndProject
Project("{9A19103F-16F7-4668-BE54-9A1E7A4F7556}") = "ReactTSWithNetCoreTemplate.Tests", "src\ReactTSWithNetCoreTemplate.Tests\ReactTSWithNetCoreTemplate.Tests.csproj", "{B7D261E0-BDDF-4C36-99CF-546E533FFB9C}"
EndProject
Project("{2150E333-8FDC-42A3-9474-1A3956D46DE8}") = "Solution Items", "Solution Items", "{1203E39D-5EB9-4428-BDB4-90D1D2A42B81}"
	ProjectSection(SolutionItems) = preProject
		.editorconfig = .editorconfig
		.gitignore = .gitignore
		README.md = README.md
		.github\workflows\rename_solution.yml = .github\workflows\rename_solution.yml
	EndProjectSection
EndProject
Project("{9A19103F-16F7-4668-BE54-9A1E7A4F7556}") = "ReactTSWithNetCoreTemplate.Application", "src\ReactTSWithNetCoreTemplate.Application\ReactTSWithNetCoreTemplate.Application.csproj", "{F6E810AB-8F2F-444E-9581-891BD8954D14}"
EndProject
Project("{9A19103F-16F7-4668-BE54-9A1E7A4F7556}") = "ReactTSWithNetCoreTemplate.Infrastructure", "src\ReactTSWithNetCoreTemplate.Infrastructure\ReactTSWithNetCoreTemplate.Infrastructure.csproj", "{9F59D25E-3F15-4270-8B65-FAD7D2950E7B}"
EndProject
Project("{9A19103F-16F7-4668-BE54-9A1E7A4F7556}") = "ReactTSWithNetCoreTemplate.Core", "src\ReactTSWithNetCoreTemplate.Core\ReactTSWithNetCoreTemplate.Core.csproj", "{494F268C-B96B-40C2-BCDB-D7F2B0FBA248}"
EndProject
Project("{2150E333-8FDC-42A3-9474-1A3956D46DE8}") = "01 - Client", "01 - Client", "{F186EC5D-8DAB-403F-90BB-28FBC38E5475}"
EndProject
Project("{2150E333-8FDC-42A3-9474-1A3956D46DE8}") = "03 - Infrasructure", "03 - Infrasructure", "{F0FD3C88-A728-48A7-8702-FC7F2F0AA5B2}"
EndProject
Project("{2150E333-8FDC-42A3-9474-1A3956D46DE8}") = "02 - API", "02 - API", "{BB829000-847D-4610-AD11-3AFFA87EECC8}"
EndProject
Project("{2150E333-8FDC-42A3-9474-1A3956D46DE8}") = "04 - Application", "04 - Application", "{27D63226-399B-4BD9-83CA-451813AD877C}"
EndProject
Project("{2150E333-8FDC-42A3-9474-1A3956D46DE8}") = "05 - Core", "05 - Core", "{9150C902-F570-4166-8D9F-F6E629CB0B75}"
EndProject
Project("{2150E333-8FDC-42A3-9474-1A3956D46DE8}") = "00 - Tests", "00 - Tests", "{5A91E43F-8A7D-4018-B2C1-85E90248B60D}"
EndProject
Project("{54A90642-561A-4BB1-A94E-469ADEE60C69}") = "reacttswithnetcoretemplate.client", "src\reacttswithnetcoretemplate.client\reacttswithnetcoretemplate.client.esproj", "{E8673F3A-D007-4FD7-A80B-3B213E85556D}"
EndProject
Project("{E53339B2-1760-4266-BCC7-CA923CBCF16C}") = "docker-compose", "docker-compose.dcproj", "{81DDED9D-158B-E303-5F62-77A2896D2A5A}"
EndProject
Global
	GlobalSection(SolutionConfigurationPlatforms) = preSolution
		Debug|Any CPU = Debug|Any CPU
		Release|Any CPU = Release|Any CPU
	EndGlobalSection
	GlobalSection(ProjectConfigurationPlatforms) = postSolution
		{BB6836D9-DD13-4F95-A846-784B88897D8C}.Debug|Any CPU.ActiveCfg = Debug|Any CPU
		{BB6836D9-DD13-4F95-A846-784B88897D8C}.Debug|Any CPU.Build.0 = Debug|Any CPU
		{BB6836D9-DD13-4F95-A846-784B88897D8C}.Release|Any CPU.ActiveCfg = Release|Any CPU
		{BB6836D9-DD13-4F95-A846-784B88897D8C}.Release|Any CPU.Build.0 = Release|Any CPU
		{B7D261E0-BDDF-4C36-99CF-546E533FFB9C}.Debug|Any CPU.ActiveCfg = Debug|Any CPU
		{B7D261E0-BDDF-4C36-99CF-546E533FFB9C}.Debug|Any CPU.Build.0 = Debug|Any CPU
		{B7D261E0-BDDF-4C36-99CF-546E533FFB9C}.Release|Any CPU.ActiveCfg = Release|Any CPU
		{B7D261E0-BDDF-4C36-99CF-546E533FFB9C}.Release|Any CPU.Build.0 = Release|Any CPU
		{F6E810AB-8F2F-444E-9581-891BD8954D14}.Debug|Any CPU.ActiveCfg = Debug|Any CPU
		{F6E810AB-8F2F-444E-9581-891BD8954D14}.Debug|Any CPU.Build.0 = Debug|Any CPU
		{F6E810AB-8F2F-444E-9581-891BD8954D14}.Release|Any CPU.ActiveCfg = Release|Any CPU
		{F6E810AB-8F2F-444E-9581-891BD8954D14}.Release|Any CPU.Build.0 = Release|Any CPU
		{9F59D25E-3F15-4270-8B65-FAD7D2950E7B}.Debug|Any CPU.ActiveCfg = Debug|Any CPU
		{9F59D25E-3F15-4270-8B65-FAD7D2950E7B}.Debug|Any CPU.Build.0 = Debug|Any CPU
		{9F59D25E-3F15-4270-8B65-FAD7D2950E7B}.Release|Any CPU.ActiveCfg = Release|Any CPU
		{9F59D25E-3F15-4270-8B65-FAD7D2950E7B}.Release|Any CPU.Build.0 = Release|Any CPU
		{494F268C-B96B-40C2-BCDB-D7F2B0FBA248}.Debug|Any CPU.ActiveCfg = Debug|Any CPU
		{494F268C-B96B-40C2-BCDB-D7F2B0FBA248}.Debug|Any CPU.Build.0 = Debug|Any CPU
		{494F268C-B96B-40C2-BCDB-D7F2B0FBA248}.Release|Any CPU.ActiveCfg = Release|Any CPU
		{494F268C-B96B-40C2-BCDB-D7F2B0FBA248}.Release|Any CPU.Build.0 = Release|Any CPU
		{E8673F3A-D007-4FD7-A80B-3B213E85556D}.Debug|Any CPU.ActiveCfg = Debug|Any CPU
		{E8673F3A-D007-4FD7-A80B-3B213E85556D}.Debug|Any CPU.Build.0 = Debug|Any CPU
		{E8673F3A-D007-4FD7-A80B-3B213E85556D}.Release|Any CPU.ActiveCfg = Release|Any CPU
		{E8673F3A-D007-4FD7-A80B-3B213E85556D}.Release|Any CPU.Build.0 = Release|Any CPU
		{E8673F3A-D007-4FD7-A80B-3B213E85556D}.Release|Any CPU.Deploy.0 = Release|Any CPU
		{81DDED9D-158B-E303-5F62-77A2896D2A5A}.Debug|Any CPU.ActiveCfg = Debug|Any CPU
		{81DDED9D-158B-E303-5F62-77A2896D2A5A}.Debug|Any CPU.Build.0 = Debug|Any CPU
		{81DDED9D-158B-E303-5F62-77A2896D2A5A}.Release|Any CPU.ActiveCfg = Release|Any CPU
		{81DDED9D-158B-E303-5F62-77A2896D2A5A}.Release|Any CPU.Build.0 = Release|Any CPU
	EndGlobalSection
	GlobalSection(SolutionProperties) = preSolution
		HideSolutionNode = FALSE
	EndGlobalSection
	GlobalSection(NestedProjects) = preSolution
		{BB6836D9-DD13-4F95-A846-784B88897D8C} = {BB829000-847D-4610-AD11-3AFFA87EECC8}
		{B7D261E0-BDDF-4C36-99CF-546E533FFB9C} = {5A91E43F-8A7D-4018-B2C1-85E90248B60D}
		{F6E810AB-8F2F-444E-9581-891BD8954D14} = {27D63226-399B-4BD9-83CA-451813AD877C}
		{9F59D25E-3F15-4270-8B65-FAD7D2950E7B} = {F0FD3C88-A728-48A7-8702-FC7F2F0AA5B2}
		{494F268C-B96B-40C2-BCDB-D7F2B0FBA248} = {9150C902-F570-4166-8D9F-F6E629CB0B75}
		{E8673F3A-D007-4FD7-A80B-3B213E85556D} = {F186EC5D-8DAB-403F-90BB-28FBC38E5475}
	EndGlobalSection
	GlobalSection(ExtensibilityGlobals) = postSolution
		SolutionGuid = {4F5F80C1-D771-4529-93AB-DB2F56651F5A}
	EndGlobalSection
EndGlobal
